
Microsoft Visual Studio Solution File, Format Version 12.00
# Visual Studio Version 16
VisualStudioVersion = 16.0.31129.286
MinimumVisualStudioVersion = 10.0.40219.1
Project("{FAE04EC0-301F-11D3-BF4B-00C04F79EFBC}") = "BlogBackend", "BlogBackend\BlogBackend.csproj", "{64DE95C2-1CD6-432F-A6F7-96E130947076}"
EndProject
Global
	GlobalSection(SolutionConfigurationPlatforms) = preSolution
		Debug|Any CPU = Debug|Any CPU
		Release|Any CPU = Release|Any CPU
	EndGlobalSection
	GlobalSection(ProjectConfigurationPlatforms) = postSolution
		{64DE95C2-1CD6-432F-A6F7-96E130947076}.Debug|Any CPU.ActiveCfg = Debug|Any CPU
		{64DE95C2-1CD6-432F-A6F7-96E130947076}.Debug|Any CPU.Build.0 = Debug|Any CPU
		{64DE95C2-1CD6-432F-A6F7-96E130947076}.Release|Any CPU.ActiveCfg = Release|Any CPU
		{64DE95C2-1CD6-432F-A6F7-96E130947076}.Release|Any CPU.Build.0 = Release|Any CPU
	EndGlobalSection
	GlobalSection(SolutionProperties) = preSolution
		HideSolutionNode = FALSE
	EndGlobalSection
	GlobalSection(ExtensibilityGlobals) = postSolution
		SolutionGuid = {00C45F37-E445-48D6-BB70-5C4B90B4E5DA}
	EndGlobalSection
EndGlobal
